// !$*UTF8*$!
{
	archiveVersion = 1;
	classes = {
	};
	objectVersion = 46;
	objects = {

/* Begin PBXBuildFile section */
		ED2A7F781E6E5DB0008A2B95 /* AppDelegate.swift in Sources */ = {isa = PBXBuildFile; fileRef = ED2A7F771E6E5DB0008A2B95 /* AppDelegate.swift */; };
		ED2A7F7A1E6E5DB0008A2B95 /* ViewController.swift in Sources */ = {isa = PBXBuildFile; fileRef = ED2A7F791E6E5DB0008A2B95 /* ViewController.swift */; };
		ED2A7F7D1E6E5DB0008A2B95 /* Main.storyboard in Resources */ = {isa = PBXBuildFile; fileRef = ED2A7F7B1E6E5DB0008A2B95 /* Main.storyboard */; };
		ED2A7F7F1E6E5DB0008A2B95 /* Assets.xcassets in Resources */ = {isa = PBXBuildFile; fileRef = ED2A7F7E1E6E5DB0008A2B95 /* Assets.xcassets */; };
		ED2A7F821E6E5DB0008A2B95 /* LaunchScreen.storyboard in Resources */ = {isa = PBXBuildFile; fileRef = ED2A7F801E6E5DB0008A2B95 /* LaunchScreen.storyboard */; };
		ED2A7FCE1E6E6089008A2B95 /* RxCocoa.framework in Frameworks */ = {isa = PBXBuildFile; fileRef = ED2A7FCB1E6E6089008A2B95 /* RxCocoa.framework */; };
		ED2A7FCF1E6E6089008A2B95 /* RxCocoa.framework in Embed Frameworks */ = {isa = PBXBuildFile; fileRef = ED2A7FCB1E6E6089008A2B95 /* RxCocoa.framework */; settings = {ATTRIBUTES = (CodeSignOnCopy, RemoveHeadersOnCopy, ); }; };
		ED2A7FD01E6E6089008A2B95 /* RxOptional.framework in Frameworks */ = {isa = PBXBuildFile; fileRef = ED2A7FCC1E6E6089008A2B95 /* RxOptional.framework */; };
		ED2A7FD11E6E6089008A2B95 /* RxOptional.framework in Embed Frameworks */ = {isa = PBXBuildFile; fileRef = ED2A7FCC1E6E6089008A2B95 /* RxOptional.framework */; settings = {ATTRIBUTES = (CodeSignOnCopy, RemoveHeadersOnCopy, ); }; };
		ED2A7FD21E6E6089008A2B95 /* RxSwift.framework in Frameworks */ = {isa = PBXBuildFile; fileRef = ED2A7FCD1E6E6089008A2B95 /* RxSwift.framework */; };
		ED2A7FD31E6E6089008A2B95 /* RxSwift.framework in Embed Frameworks */ = {isa = PBXBuildFile; fileRef = ED2A7FCD1E6E6089008A2B95 /* RxSwift.framework */; settings = {ATTRIBUTES = (CodeSignOnCopy, RemoveHeadersOnCopy, ); }; };
/* End PBXBuildFile section */

/* Begin PBXCopyFilesBuildPhase section */
		ED2A7FD41E6E608A008A2B95 /* Embed Frameworks */ = {
			isa = PBXCopyFilesBuildPhase;
			buildActionMask = 2147483647;
			dstPath = "";
			dstSubfolderSpec = 10;
			files = (
				ED2A7FD11E6E6089008A2B95 /* RxOptional.framework in Embed Frameworks */,
				ED2A7FCF1E6E6089008A2B95 /* RxCocoa.framework in Embed Frameworks */,
				ED2A7FD31E6E6089008A2B95 /* RxSwift.framework in Embed Frameworks */,
			);
			name = "Embed Frameworks";
			runOnlyForDeploymentPostprocessing = 0;
		};
/* End PBXCopyFilesBuildPhase section */

/* Begin PBXFileReference section */
		ED2A7F741E6E5DB0008A2B95 /* RxSwiftTest.app */ = {isa = PBXFileReference; explicitFileType = wrapper.application; includeInIndex = 0; path = RxSwiftTest.app; sourceTree = BUILT_PRODUCTS_DIR; };
		ED2A7F771E6E5DB0008A2B95 /* AppDelegate.swift */ = {isa = PBXFileReference; lastKnownFileType = sourcecode.swift; path = AppDelegate.swift; sourceTree = "<group>"; };
		ED2A7F791E6E5DB0008A2B95 /* ViewController.swift */ = {isa = PBXFileReference; lastKnownFileType = sourcecode.swift; path = ViewController.swift; sourceTree = "<group>"; };
		ED2A7F7C1E6E5DB0008A2B95 /* Base */ = {isa = PBXFileReference; lastKnownFileType = file.storyboard; name = Base; path = Base.lproj/Main.storyboard; sourceTree = "<group>"; };
		ED2A7F7E1E6E5DB0008A2B95 /* Assets.xcassets */ = {isa = PBXFileReference; lastKnownFileType = folder.assetcatalog; path = Assets.xcassets; sourceTree = "<group>"; };
		ED2A7F811E6E5DB0008A2B95 /* Base */ = {isa = PBXFileReference; lastKnownFileType = file.storyboard; name = Base; path = Base.lproj/LaunchScreen.storyboard; sourceTree = "<group>"; };
		ED2A7F831E6E5DB0008A2B95 /* Info.plist */ = {isa = PBXFileReference; lastKnownFileType = text.plist.xml; path = Info.plist; sourceTree = "<group>"; };
		ED2A7FCB1E6E6089008A2B95 /* RxCocoa.framework */ = {isa = PBXFileReference; lastKnownFileType = wrapper.framework; name = RxCocoa.framework; path = Carthage/Build/iOS/RxCocoa.framework; sourceTree = "<group>"; };
		ED2A7FCC1E6E6089008A2B95 /* RxOptional.framework */ = {isa = PBXFileReference; lastKnownFileType = wrapper.framework; name = RxOptional.framework; path = Carthage/Build/iOS/RxOptional.framework; sourceTree = "<group>"; };
		ED2A7FCD1E6E6089008A2B95 /* RxSwift.framework */ = {isa = PBXFileReference; lastKnownFileType = wrapper.framework; name = RxSwift.framework; path = Carthage/Build/iOS/RxSwift.framework; sourceTree = "<group>"; };
/* End PBXFileReference section */

/* Begin PBXFrameworksBuildPhase section */
		ED2A7F711E6E5DB0008A2B95 /* Frameworks */ = {
			isa = PBXFrameworksBuildPhase;
			buildActionMask = 2147483647;
			files = (
				ED2A7FD01E6E6089008A2B95 /* RxOptional.framework in Frameworks */,
				ED2A7FCE1E6E6089008A2B95 /* RxCocoa.framework in Frameworks */,
				ED2A7FD21E6E6089008A2B95 /* RxSwift.framework in Frameworks */,
			);
			runOnlyForDeploymentPostprocessing = 0;
		};
/* End PBXFrameworksBuildPhase section */

/* Begin PBXGroup section */
		ED2A7F6B1E6E5DB0008A2B95 = {
			isa = PBXGroup;
			children = (
				ED2A7FCB1E6E6089008A2B95 /* RxCocoa.framework */,
				ED2A7FCC1E6E6089008A2B95 /* RxOptional.framework */,
				ED2A7FCD1E6E6089008A2B95 /* RxSwift.framework */,
				ED2A7F761E6E5DB0008A2B95 /* RxSwiftTest */,
				ED2A7F751E6E5DB0008A2B95 /* Products */,
			);
			sourceTree = "<group>";
		};
		ED2A7F751E6E5DB0008A2B95 /* Products */ = {
			isa = PBXGroup;
			children = (
				ED2A7F741E6E5DB0008A2B95 /* RxSwiftTest.app */,
			);
			name = Products;
			sourceTree = "<group>";
		};
		ED2A7F761E6E5DB0008A2B95 /* RxSwiftTest */ = {
			isa = PBXGroup;
			children = (
				ED2A7F771E6E5DB0008A2B95 /* AppDelegate.swift */,
				ED2A7F791E6E5DB0008A2B95 /* ViewController.swift */,
				ED2A7F7B1E6E5DB0008A2B95 /* Main.storyboard */,
				ED2A7F7E1E6E5DB0008A2B95 /* Assets.xcassets */,
				ED2A7F801E6E5DB0008A2B95 /* LaunchScreen.storyboard */,
				ED2A7F831E6E5DB0008A2B95 /* Info.plist */,
			);
			path = RxSwiftTest;
			sourceTree = "<group>";
		};
/* End PBXGroup section */

/* Begin PBXNativeTarget section */
		ED2A7F731E6E5DB0008A2B95 /* RxSwiftTest */ = {
			isa = PBXNativeTarget;
			buildConfigurationList = ED2A7F861E6E5DB0008A2B95 /* Build configuration list for PBXNativeTarget "RxSwiftTest" */;
			buildPhases = (
				ED2A7F701E6E5DB0008A2B95 /* Sources */,
				ED2A7F711E6E5DB0008A2B95 /* Frameworks */,
				ED2A7F721E6E5DB0008A2B95 /* Resources */,
				ED2A7FD41E6E608A008A2B95 /* Embed Frameworks */,
			);
			buildRules = (
			);
			dependencies = (
			);
			name = RxSwiftTest;
			productName = RxSwiftTest;
			productReference = ED2A7F741E6E5DB0008A2B95 /* RxSwiftTest.app */;
			productType = "com.apple.product-type.application";
		};
/* End PBXNativeTarget section */

/* Begin PBXProject section */
		ED2A7F6C1E6E5DB0008A2B95 /* Project object */ = {
			isa = PBXProject;
			attributes = {
				LastSwiftUpdateCheck = 0820;
				LastUpgradeCheck = 0820;
				ORGANIZATIONNAME = mitsuyoshi;
				TargetAttributes = {
					ED2A7F731E6E5DB0008A2B95 = {
						CreatedOnToolsVersion = 8.2.1;
						ProvisioningStyle = Automatic;
					};
				};
			};
			buildConfigurationList = ED2A7F6F1E6E5DB0008A2B95 /* Build configuration list for PBXProject "RxSwiftTest" */;
			compatibilityVersion = "Xcode 3.2";
			developmentRegion = English;
			hasScannedForEncodings = 0;
			knownRegions = (
				en,
				Base,
			);
			mainGroup = ED2A7F6B1E6E5DB0008A2B95;
			productRefGroup = ED2A7F751E6E5DB0008A2B95 /* Products */;
			projectDirPath = "";
			projectRoot = "";
			targets = (
				ED2A7F731E6E5DB0008A2B95 /* RxSwiftTest */,
			);
		};
/* End PBXProject section */

/* Begin PBXResourcesBuildPhase section */
		ED2A7F721E6E5DB0008A2B95 /* Resources */ = {
			isa = PBXResourcesBuildPhase;
			buildActionMask = 2147483647;
			files = (
				ED2A7F821E6E5DB0008A2B95 /* LaunchScreen.storyboard in Resources */,
				ED2A7F7F1E6E5DB0008A2B95 /* Assets.xcassets in Resources */,
				ED2A7F7D1E6E5DB0008A2B95 /* Main.storyboard in Resources */,
			);
			runOnlyForDeploymentPostprocessing = 0;
		};
/* End PBXResourcesBuildPhase section */

/* Begin PBXSourcesBuildPhase section */
		ED2A7F701E6E5DB0008A2B95 /* Sources */ = {
			isa = PBXSourcesBuildPhase;
			buildActionMask = 2147483647;
			files = (
				ED2A7F7A1E6E5DB0008A2B95 /* ViewController.swift in Sources */,
				ED2A7F781E6E5DB0008A2B95 /* AppDelegate.swift in Sources */,
			);
			runOnlyForDeploymentPostprocessing = 0;
		};
/* End PBXSourcesBuildPhase section */

/* Begin PBXVariantGroup section */
		ED2A7F7B1E6E5DB0008A2B95 /* Main.storyboard */ = {
			isa = PBXVariantGroup;
			children = (
				ED2A7F7C1E6E5DB0008A2B95 /* Base */,
			);
			name = Main.storyboard;
			sourceTree = "<group>";
		};
		ED2A7F801E6E5DB0008A2B95 /* LaunchScreen.storyboard */ = {
			isa = PBXVariantGroup;
			children = (
				ED2A7F811E6E5DB0008A2B95 /* Base */,
			);
			name = LaunchScreen.storyboard;
			sourceTree = "<group>";
		};
/* End PBXVariantGroup section */

/* Begin XCBuildConfiguration section */
		ED2A7F841E6E5DB0008A2B95 /* Debug */ = {
			isa = XCBuildConfiguration;
			buildSettings = {
				ALWAYS_SEARCH_USER_PATHS = NO;
				CLANG_ANALYZER_NONNULL = YES;
				CLANG_CXX_LANGUAGE_STANDARD = "gnu++0x";
				CLANG_CXX_LIBRARY = "libc++";
				CLANG_ENABLE_MODULES = YES;
				CLANG_ENABLE_OBJC_ARC = YES;
				CLANG_WARN_BOOL_CONVERSION = YES;
				CLANG_WARN_CONSTANT_CONVERSION = YES;
				CLANG_WARN_DIRECT_OBJC_ISA_USAGE = YES_ERROR;
				CLANG_WARN_DOCUMENTATION_COMMENTS = YES;
				CLANG_WARN_EMPTY_BODY = YES;
				CLANG_WARN_ENUM_CONVERSION = YES;
				CLANG_WARN_INFINITE_RECURSION = YES;
				CLANG_WARN_INT_CONVERSION = YES;
				CLANG_WARN_OBJC_ROOT_CLASS = YES_ERROR;
				CLANG_WARN_SUSPICIOUS_MOVE = YES;
				CLANG_WARN_UNREACHABLE_CODE = YES;
				CLANG_WARN__DUPLICATE_METHOD_MATCH = YES;
				"CODE_SIGN_IDENTITY[sdk=iphoneos*]" = "iPhone Developer";
				COPY_PHASE_STRIP = NO;
				DEBUG_INFORMATION_FORMAT = dwarf;
				ENABLE_STRICT_OBJC_MSGSEND = YES;
				ENABLE_TESTABILITY = YES;
				GCC_C_LANGUAGE_STANDARD = gnu99;
				GCC_DYNAMIC_NO_PIC = NO;
				GCC_NO_COMMON_BLOCKS = YES;
				GCC_OPTIMIZATION_LEVEL = 0;
				GCC_PREPROCESSOR_DEFINITIONS = (
					"DEBUG=1",
					"$(inherited)",
				);
				GCC_WARN_64_TO_32_BIT_CONVERSION = YES;
				GCC_WARN_ABOUT_RETURN_TYPE = YES_ERROR;
				GCC_WARN_UNDECLARED_SELECTOR = YES;
				GCC_WARN_UNINITIALIZED_AUTOS = YES_AGGRESSIVE;
				GCC_WARN_UNUSED_FUNCTION = YES;
				GCC_WARN_UNUSED_VARIABLE = YES;
				IPHONEOS_DEPLOYMENT_TARGET = 10.2;
				MTL_ENABLE_DEBUG_INFO = YES;
				ONLY_ACTIVE_ARCH = YES;
				SDKROOT = iphoneos;
				SWIFT_ACTIVE_COMPILATION_CONDITIONS = DEBUG;
				SWIFT_OPTIMIZATION_LEVEL = "-Onone";
				TARGETED_DEVICE_FAMILY = "1,2";
			};
			name = Debug;
		};
		ED2A7F851E6E5DB0008A2B95 /* Release */ = {
			isa = XCBuildConfiguration;
			buildSettings = {
				ALWAYS_SEARCH_USER_PATHS = NO;
				CLANG_ANALYZER_NONNULL = YES;
				CLANG_CXX_LANGUAGE_STANDARD = "gnu++0x";
				CLANG_CXX_LIBRARY = "libc++";
				CLANG_ENABLE_MODULES = YES;
				CLANG_ENABLE_OBJC_ARC = YES;
				CLANG_WARN_BOOL_CONVERSION = YES;
				CLANG_WARN_CONSTANT_CONVERSION = YES;
				CLANG_WARN_DIRECT_OBJC_ISA_USAGE = YES_ERROR;
				CLANG_WARN_DOCUMENTATION_COMMENTS = YES;
				CLANG_WARN_EMPTY_BODY = YES;
				CLANG_WARN_ENUM_CONVERSION = YES;
				CLANG_WARN_INFINITE_RECURSION = YES;
				CLANG_WARN_INT_CONVERSION = YES;
				CLANG_WARN_OBJC_ROOT_CLASS = YES_ERROR;
				CLANG_WARN_SUSPICIOUS_MOVE = YES;
				CLANG_WARN_UNREACHABLE_CODE = YES;
				CLANG_WARN__DUPLICATE_METHOD_MATCH = YES;
				"CODE_SIGN_IDENTITY[sdk=iphoneos*]" = "iPhone Developer";
				COPY_PHASE_STRIP = NO;
				DEBUG_INFORMATION_FORMAT = "dwarf-with-dsym";
				ENABLE_NS_ASSERTIONS = NO;
				ENABLE_STRICT_OBJC_MSGSEND = YES;
				GCC_C_LANGUAGE_STANDARD = gnu99;
				GCC_NO_COMMON_BLOCKS = YES;
				GCC_WARN_64_TO_32_BIT_CONVERSION = YES;
				GCC_WARN_ABOUT_RETURN_TYPE = YES_ERROR;
				GCC_WARN_UNDECLARED_SELECTOR = YES;
				GCC_WARN_UNINITIALIZED_AUTOS = YES_AGGRESSIVE;
				GCC_WARN_UNUSED_FUNCTION = YES;
				GCC_WARN_UNUSED_VARIABLE = YES;
				IPHONEOS_DEPLOYMENT_TARGET = 10.2;
				MTL_ENABLE_DEBUG_INFO = NO;
				SDKROOT = iphoneos;
				SWIFT_OPTIMIZATION_LEVEL = "-Owholemodule";
				TARGETED_DEVICE_FAMILY = "1,2";
				VALIDATE_PRODUCT = YES;
			};
			name = Release;
		};
		ED2A7F871E6E5DB0008A2B95 /* Debug */ = {
			isa = XCBuildConfiguration;
			buildSettings = {
				ASSETCATALOG_COMPILER_APPICON_NAME = AppIcon;
				FRAMEWORK_SEARCH_PATHS = (
					"$(inherited)",
					"$(PROJECT_DIR)/Carthage/Build/iOS",
				);
				INFOPLIST_FILE = RxSwiftTest/Info.plist;
				LD_RUNPATH_SEARCH_PATHS = "$(inherited) @executable_path/Frameworks";
				PRODUCT_BUNDLE_IDENTIFIER = mitsuyoshi.RxSwiftTest;
				PRODUCT_NAME = "$(TARGET_NAME)";
				SWIFT_VERSION = 3.0;
			};
			name = Debug;
		};
		ED2A7F881E6E5DB0008A2B95 /* Release */ = {
			isa = XCBuildConfiguration;
			buildSettings = {
				ASSETCATALOG_COMPILER_APPICON_NAME = AppIcon;
				FRAMEWORK_SEARCH_PATHS = (
					"$(inherited)",
					"$(PROJECT_DIR)/Carthage/Build/iOS",
				);
				INFOPLIST_FILE = RxSwiftTest/Info.plist;
				LD_RUNPATH_SEARCH_PATHS = "$(inherited) @executable_path/Frameworks";
				PRODUCT_BUNDLE_IDENTIFIER = mitsuyoshi.RxSwiftTest;
				PRODUCT_NAME = "$(TARGET_NAME)";
				SWIFT_VERSION = 3.0;
			};
			name = Release;
		};
/* End XCBuildConfiguration section */

/* Begin XCConfigurationList section */
		ED2A7F6F1E6E5DB0008A2B95 /* Build configuration list for PBXProject "RxSwiftTest" */ = {
			isa = XCConfigurationList;
			buildConfigurations = (
				ED2A7F841E6E5DB0008A2B95 /* Debug */,
				ED2A7F851E6E5DB0008A2B95 /* Release */,
			);
			defaultConfigurationIsVisible = 0;
			defaultConfigurationName = Release;
		};
		ED2A7F861E6E5DB0008A2B95 /* Build configuration list for PBXNativeTarget "RxSwiftTest" */ = {
			isa = XCConfigurationList;
			buildConfigurations = (
				ED2A7F871E6E5DB0008A2B95 /* Debug */,
				ED2A7F881E6E5DB0008A2B95 /* Release */,
			);
			defaultConfigurationIsVisible = 0;
			defaultConfigurationName = Release;
		};
/* End XCConfigurationList section */
	};
	rootObject = ED2A7F6C1E6E5DB0008A2B95 /* Project object */;
}
